{
  "name": "chopperfault",
  "version": "1.0.0",
  "lockfileVersion": 3,
  "requires": true,
  "packages": {
    "": {
      "name": "chopperfault",
      "version": "1.0.0",
      "license": "ISC",
      "dependencies": {
        "@loupeteam/chopper": "^1.5.0",
        "@loupeteam/starterasproject49": "^1.0.0"
      }
    },
    "node_modules/@loupeteam/chopper": {
      "version": "1.5.0",
      "resolved": "https://npm.pkg.github.com/download/@loupeteam/chopper/1.5.0/563930cfbbebcc4e190e95532f1d9b88e00379e7",
      "integrity": "sha512-Qz4DPcc2H5HksvlIzA2ewGL667L0b+kbkRn0YoEPEfrUgOwFcVYNmV6vggycRvgdM3dgEvf0r4x680KA85tlRA==",
      "license": "MIT",
      "dependencies": {
        "@loupeteam/stringext": ">=0.14.0 <=0.14.9",
        "@loupeteam/vartools": ">=0.9.0 <=0.11.9"
      }
    },
    "node_modules/@loupeteam/starterasproject49": {
      "version": "1.0.0",
      "resolved": "https://npm.pkg.github.com/download/@loupeteam/starterasproject49/1.0.0/d29245ab5481fc88f03bdf01dab95fefc7bb0a47",
      "integrity": "sha512-lwHRfx30DMxxvliXhuay4ZpgzoSQ8sUF/coBSMmXMVjlTSXft0MQYlptM5AWC3M1NAp3YjUiJ6VjYk0I/ewKJA==",
      "license": "MIT"
    },
    "node_modules/@loupeteam/stringext": {
      "version": "0.14.4",
      "resolved": "https://npm.pkg.github.com/download/@loupeteam/stringext/0.14.4/9d7c965dd094afeaf89b9f48c9b882ce798890dc",
      "integrity": "sha512-xYNj2b+SUxIgM5ZvB+BgDL+cqWkaKHAN65GbyNCd1B/SExiqUDO/VMa77/Sk2XlIZdzXj5mXxjwU/zjY97WsMg==",
      "license": "MIT"
    },
    "node_modules/@loupeteam/vartools": {
      "version": "0.11.3",
      "resolved": "https://npm.pkg.github.com/download/@loupeteam/vartools/0.11.3/edf84e21e928d1bef4bafea2ccbf31d560790b92",
      "integrity": "sha512-ZKSvCPCGDXw/Qki/vo7I9SZJqwXpUF4HjypwpDwRZCDgiY0gt5aNsFj1Rm6uWqgSn4FJ+njhWXfF9QHyR98Rsg==",
      "license": "MIT",
      "dependencies": {
        "@loupeteam/stringext": ">=0.14.0 <=0.14.9"
      }
    }
  }
}
